
Microsoft Visual Studio Solution File, Format Version 12.00
# Visual Studio 2013
VisualStudioVersion = 12.0.40629.0
MinimumVisualStudioVersion = 10.0.40219.1
Project("{FAE04EC0-301F-11D3-BF4B-00C04F79EFBC}") = "TMR.GP.SMSAlertSystem", "TMR.GP.SMSAlertSystem\TMR.GP.SMSAlertSystem.csproj", "{2E799BF4-96EB-4F8A-ABA6-CD5F42ADED56}"
EndProject
Project("{54435603-DBB4-11D2-8724-00A0C9A8B90C}") = "SMS_SETUP", "SMS_SETUP\SMS_SETUP.vdproj", "{BBE13737-D539-41D8-9E08-B82193E3FD96}"
EndProject
Global
	GlobalSection(SolutionConfigurationPlatforms) = preSolution
		Debug|Any CPU = Debug|Any CPU
		Release|Any CPU = Release|Any CPU
	EndGlobalSection
	GlobalSection(ProjectConfigurationPlatforms) = postSolution
		{2E799BF4-96EB-4F8A-ABA6-CD5F42ADED56}.Debug|Any CPU.ActiveCfg = Debug|Any CPU
		{2E799BF4-96EB-4F8A-ABA6-CD5F42ADED56}.Debug|Any CPU.Build.0 = Debug|Any CPU
		{2E799BF4-96EB-4F8A-ABA6-CD5F42ADED56}.Release|Any CPU.ActiveCfg = Release|Any CPU
		{2E799BF4-96EB-4F8A-ABA6-CD5F42ADED56}.Release|Any CPU.Build.0 = Release|Any CPU
		{BBE13737-D539-41D8-9E08-B82193E3FD96}.Debug|Any CPU.ActiveCfg = Debug
		{BBE13737-D539-41D8-9E08-B82193E3FD96}.Release|Any CPU.ActiveCfg = Release
	EndGlobalSection
	GlobalSection(SolutionProperties) = preSolution
		HideSolutionNode = FALSE
	EndGlobalSection
EndGlobal
